
Microsoft Visual Studio Solution File, Format Version 12.00
# Visual Studio Version 17
VisualStudioVersion = 17.10.35004.147
MinimumVisualStudioVersion = 10.0.40219.1
Project("{9A19103F-16F7-4668-BE54-9A1E7A4F7556}") = "Metroli_PDF", "Metroli_PDF\Metroli_PDF.csproj", "{C3899443-FBBE-4707-92C7-37F868D7016C}"
EndProject
Project("{FAE04EC0-301F-11D3-BF4B-00C04F79EFBC}") = "Application", "Application\Application.csproj", "{5F628146-6724-49A8-B551-5F912E0D6BB2}"
EndProject
Project("{FAE04EC0-301F-11D3-BF4B-00C04F79EFBC}") = "Domain", "Domain\Domain.csproj", "{5B4FC89C-8C70-47FE-9F96-AA2772ECA8EC}"
EndProject
Project("{FAE04EC0-301F-11D3-BF4B-00C04F79EFBC}") = "Infraestructure", "Infraestructure\Infraestructure.csproj", "{1F343C27-F4F0-4793-8F18-41F48C266E5A}"
EndProject
Global
	GlobalSection(SolutionConfigurationPlatforms) = preSolution
		Debug|Any CPU = Debug|Any CPU
		Release|Any CPU = Release|Any CPU
	EndGlobalSection
	GlobalSection(ProjectConfigurationPlatforms) = postSolution
		{C3899443-FBBE-4707-92C7-37F868D7016C}.Debug|Any CPU.ActiveCfg = Debug|Any CPU
		{C3899443-FBBE-4707-92C7-37F868D7016C}.Debug|Any CPU.Build.0 = Debug|Any CPU
		{C3899443-FBBE-4707-92C7-37F868D7016C}.Release|Any CPU.ActiveCfg = Release|Any CPU
		{C3899443-FBBE-4707-92C7-37F868D7016C}.Release|Any CPU.Build.0 = Release|Any CPU
		{5F628146-6724-49A8-B551-5F912E0D6BB2}.Debug|Any CPU.ActiveCfg = Debug|Any CPU
		{5F628146-6724-49A8-B551-5F912E0D6BB2}.Debug|Any CPU.Build.0 = Debug|Any CPU
		{5F628146-6724-49A8-B551-5F912E0D6BB2}.Release|Any CPU.ActiveCfg = Release|Any CPU
		{5F628146-6724-49A8-B551-5F912E0D6BB2}.Release|Any CPU.Build.0 = Release|Any CPU
		{5B4FC89C-8C70-47FE-9F96-AA2772ECA8EC}.Debug|Any CPU.ActiveCfg = Debug|Any CPU
		{5B4FC89C-8C70-47FE-9F96-AA2772ECA8EC}.Debug|Any CPU.Build.0 = Debug|Any CPU
		{5B4FC89C-8C70-47FE-9F96-AA2772ECA8EC}.Release|Any CPU.ActiveCfg = Release|Any CPU
		{5B4FC89C-8C70-47FE-9F96-AA2772ECA8EC}.Release|Any CPU.Build.0 = Release|Any CPU
		{1F343C27-F4F0-4793-8F18-41F48C266E5A}.Debug|Any CPU.ActiveCfg = Debug|Any CPU
		{1F343C27-F4F0-4793-8F18-41F48C266E5A}.Debug|Any CPU.Build.0 = Debug|Any CPU
		{1F343C27-F4F0-4793-8F18-41F48C266E5A}.Release|Any CPU.ActiveCfg = Release|Any CPU
		{1F343C27-F4F0-4793-8F18-41F48C266E5A}.Release|Any CPU.Build.0 = Release|Any CPU
	EndGlobalSection
	GlobalSection(SolutionProperties) = preSolution
		HideSolutionNode = FALSE
	EndGlobalSection
	GlobalSection(ExtensibilityGlobals) = postSolution
		SolutionGuid = {F2A732AB-3B47-4684-AFD7-973592DFF788}
	EndGlobalSection
EndGlobal
